
Microsoft Visual Studio Solution File, Format Version 12.00
# Visual Studio Version 17
VisualStudioVersion = 17.5.33424.131
MinimumVisualStudioVersion = 10.0.40219.1
Project("{FAE04EC0-301F-11D3-BF4B-00C04F79EFBC}") = "RoutingServer", "RoutingServer\RoutingServer.csproj", "{5037EC61-61E2-4253-9ED3-95D9344673C9}"
EndProject
Project("{FAE04EC0-301F-11D3-BF4B-00C04F79EFBC}") = "ProxyCacheServer", "ProxyCacheServer\ProxyCacheServer.csproj", "{95DF247C-F127-46BC-B591-C5BFEF3F78C3}"
EndProject
Project("{FAE04EC0-301F-11D3-BF4B-00C04F79EFBC}") = "test", "test\test.csproj", "{EE454B9F-0ADC-4D0F-AD20-4EFC3F13CCC9}"
EndProject
Global
	GlobalSection(SolutionConfigurationPlatforms) = preSolution
		Debug|Any CPU = Debug|Any CPU
		Release|Any CPU = Release|Any CPU
	EndGlobalSection
	GlobalSection(ProjectConfigurationPlatforms) = postSolution
		{5037EC61-61E2-4253-9ED3-95D9344673C9}.Debug|Any CPU.ActiveCfg = Debug|Any CPU
		{5037EC61-61E2-4253-9ED3-95D9344673C9}.Debug|Any CPU.Build.0 = Debug|Any CPU
		{5037EC61-61E2-4253-9ED3-95D9344673C9}.Release|Any CPU.ActiveCfg = Release|Any CPU
		{5037EC61-61E2-4253-9ED3-95D9344673C9}.Release|Any CPU.Build.0 = Release|Any CPU
		{95DF247C-F127-46BC-B591-C5BFEF3F78C3}.Debug|Any CPU.ActiveCfg = Debug|Any CPU
		{95DF247C-F127-46BC-B591-C5BFEF3F78C3}.Debug|Any CPU.Build.0 = Debug|Any CPU
		{95DF247C-F127-46BC-B591-C5BFEF3F78C3}.Release|Any CPU.ActiveCfg = Release|Any CPU
		{95DF247C-F127-46BC-B591-C5BFEF3F78C3}.Release|Any CPU.Build.0 = Release|Any CPU
		{EE454B9F-0ADC-4D0F-AD20-4EFC3F13CCC9}.Debug|Any CPU.ActiveCfg = Debug|Any CPU
		{EE454B9F-0ADC-4D0F-AD20-4EFC3F13CCC9}.Debug|Any CPU.Build.0 = Debug|Any CPU
		{EE454B9F-0ADC-4D0F-AD20-4EFC3F13CCC9}.Release|Any CPU.ActiveCfg = Release|Any CPU
		{EE454B9F-0ADC-4D0F-AD20-4EFC3F13CCC9}.Release|Any CPU.Build.0 = Release|Any CPU
	EndGlobalSection
	GlobalSection(SolutionProperties) = preSolution
		HideSolutionNode = FALSE
	EndGlobalSection
	GlobalSection(ExtensibilityGlobals) = postSolution
		SolutionGuid = {736CEAD9-220F-4F4D-A4A8-415BBF955D24}
	EndGlobalSection
EndGlobal
